NeoBundleLock caw.vim 8a85fa8ff26ea60afd4bf9400cfc2263be127d51
NeoBundleLock ctrlp.vim 11e6c715e8ccc346fd083c5051305c0378b23833
NeoBundleLock flake8-vim 6a7f254eed1b44a5486731d973596e2412e7c1ff
NeoBundleLock html5.vim 9a89e3e73e29449b7067c8e56ff09d0de0239d5b
NeoBundleLock javacomplete f3d9ce93b4452baf5cb15b68d3b2a925a10a6e7d
NeoBundleLock jedi-vim f191ccd6fb7f3bc2272a34d6230487caf64face7
NeoBundleLock neobundle.vim 6e696b19d8ff36bf754f901a6b7e42671e06b7a8
NeoBundleLock neocomplete.vim bb1e37d096cfd368b45d6a50109f84a38349a21d
NeoBundleLock neomru.vim c7bf447627679a3f06f0f3caf893b0497d0aa90b
NeoBundleLock neosnippet-snippets be02928b14cae1effbe4388da4d5a75215344ba6
NeoBundleLock neosnippet.vim a1508f88729e1c5912dd12417553f178494c4dd2
NeoBundleLock syntastic dfb263775bbf1d43350591b84bc53c925dcb7430
NeoBundleLock unite-outline 62225a12edac4b9fb9fd81df774af4cc4861aa66
NeoBundleLock unite.vim 504edce8c33207c522d6fe8f7864e0c25f25757f
NeoBundleLock vim-colorschemes b8dff40f69f1873effbed97c759a8452ecb240ed
NeoBundleLock vim-css3-syntax b6995753caf3085a41bd291fc369b1a462b78a44
NeoBundleLock vim-fugitive aac85a268e89a6c8be79341e130ac90256fadbd6
NeoBundleLock vim-html5validator 9354f66df436efb33f4b93c2a169eb7c655f3d4c
NeoBundleLock vim-javascript-syntax 6222b85824cb38f169d0c99cc586daa55d8ec01c
NeoBundleLock vim-operator-replace 1345a556a321a092716e149d4765a5e17c0e9f0f
NeoBundleLock vim-operator-surround 521afdce16dc94e3994d52526b4483a0b5a7ec34
NeoBundleLock vim-operator-user c3dfd41c1ed516b4b901c97562e644de62c367aa
NeoBundleLock vim-python-pep8-indent 7dfebca4ed468be64afffd8107e7a87f35d8ef5b
NeoBundleLock vim-textobj-user a3054162c09bcf732624f43ddacbd85dad09713b
NeoBundleLock vim-trailing-whitespace 733fb64337b6da4a51c85a43450cd620d8b617b5
NeoBundleLock vimfiler 1f00a8a5c48714ae88e7a573429beef447003a5d
NeoBundleLock vimproc 25cb83f24edec4aec1e9f1329302235e7a7a7fe0
NeoBundleLock vimshell 3787e52766812d8b99a93ccdda57517bc2a0bab6
